
Microsoft Visual Studio Solution File, Format Version 12.00
# Visual Studio Version 17
VisualStudioVersion = 17.7.34024.191
MinimumVisualStudioVersion = 10.0.40219.1
Project("{FAE04EC0-301F-11D3-BF4B-00C04F79EFBC}") = "WebApi.NetCore.Api", "WebApi.NetCore.Api\WebApi.NetCore.Api.csproj", "{7D32AC97-2F45-4DB1-A1B4-3F3A8D5FC525}"
EndProject
Project("{FAE04EC0-301F-11D3-BF4B-00C04F79EFBC}") = "WebApi.NetCore.Api.Tests", "WebApi.NetCore.Api.Tests\WebApi.NetCore.Api.Tests.csproj", "{2D735C2B-ECE3-4941-ABA2-980C5E36D96F}"
EndProject
Global
	GlobalSection(SolutionConfigurationPlatforms) = preSolution
		Debug|Any CPU = Debug|Any CPU
		Release|Any CPU = Release|Any CPU
	EndGlobalSection
	GlobalSection(ProjectConfigurationPlatforms) = postSolution
		{7D32AC97-2F45-4DB1-A1B4-3F3A8D5FC525}.Debug|Any CPU.ActiveCfg = Debug|Any CPU
		{7D32AC97-2F45-4DB1-A1B4-3F3A8D5FC525}.Debug|Any CPU.Build.0 = Debug|Any CPU
		{7D32AC97-2F45-4DB1-A1B4-3F3A8D5FC525}.Release|Any CPU.ActiveCfg = Release|Any CPU
		{7D32AC97-2F45-4DB1-A1B4-3F3A8D5FC525}.Release|Any CPU.Build.0 = Release|Any CPU
		{2D735C2B-ECE3-4941-ABA2-980C5E36D96F}.Debug|Any CPU.ActiveCfg = Debug|Any CPU
		{2D735C2B-ECE3-4941-ABA2-980C5E36D96F}.Debug|Any CPU.Build.0 = Debug|Any CPU
		{2D735C2B-ECE3-4941-ABA2-980C5E36D96F}.Release|Any CPU.ActiveCfg = Release|Any CPU
		{2D735C2B-ECE3-4941-ABA2-980C5E36D96F}.Release|Any CPU.Build.0 = Release|Any CPU
	EndGlobalSection
	GlobalSection(SolutionProperties) = preSolution
		HideSolutionNode = FALSE
	EndGlobalSection
	GlobalSection(ExtensibilityGlobals) = postSolution
		SolutionGuid = {3B36C73D-458F-4834-B874-6B89865F048B}
	EndGlobalSection
EndGlobal
